// !$*UTF8*$!
{
	archiveVersion = 1;
	classes = {
	};
	objectVersion = 55;
	objects = {

/* Begin PBXBuildFile section */
		0B1EC5F6FC5B4BA26372C8BF /* Pods_MiniAudioPlayer.framework in Frameworks */ = {isa = PBXBuildFile; fileRef = 0691C2903003673C180FF67D /* Pods_MiniAudioPlayer.framework */; };
		892364EC287424E800A94B58 /* EmptySegue.swift in Sources */ = {isa = PBXBuildFile; fileRef = 892364EB287424E800A94B58 /* EmptySegue.swift */; };
		892364F52874382F00A94B58 /* NotoSansKR-Light.otf in Resources */ = {isa = PBXBuildFile; fileRef = 892364EE2874382D00A94B58 /* NotoSansKR-Light.otf */; };
		892364F62874382F00A94B58 /* NotoSansKR-Medium.otf in Resources */ = {isa = PBXBuildFile; fileRef = 892364EF2874382E00A94B58 /* NotoSansKR-Medium.otf */; };
		892364F72874382F00A94B58 /* OFL.txt in Resources */ = {isa = PBXBuildFile; fileRef = 892364F02874382E00A94B58 /* OFL.txt */; };
		892364F82874382F00A94B58 /* NotoSansKR-Bold.otf in Resources */ = {isa = PBXBuildFile; fileRef = 892364F12874382E00A94B58 /* NotoSansKR-Bold.otf */; };
		892364F92874382F00A94B58 /* NotoSansKR-Thin.otf in Resources */ = {isa = PBXBuildFile; fileRef = 892364F22874382E00A94B58 /* NotoSansKR-Thin.otf */; };
		892364FA2874382F00A94B58 /* NotoSansKR-Regular.otf in Resources */ = {isa = PBXBuildFile; fileRef = 892364F32874382F00A94B58 /* NotoSansKR-Regular.otf */; };
		892364FB2874382F00A94B58 /* NotoSansKR-Black.otf in Resources */ = {isa = PBXBuildFile; fileRef = 892364F42874382F00A94B58 /* NotoSansKR-Black.otf */; };
		89947C15287502C900D57E9D /* Extension.swift in Sources */ = {isa = PBXBuildFile; fileRef = 89947C14287502C900D57E9D /* Extension.swift */; };
		89947C2B287568C700D57E9D /* AodListViewController.swift in Sources */ = {isa = PBXBuildFile; fileRef = 89947C2A287568C700D57E9D /* AodListViewController.swift */; };
		89C6D3272873F9CC00EACE44 /* AodDetailViewController.swift in Sources */ = {isa = PBXBuildFile; fileRef = 89C6D3262873F9CC00EACE44 /* AodDetailViewController.swift */; };
		89DDCEA6286D383F003CC021 /* DetailViewController.swift in Sources */ = {isa = PBXBuildFile; fileRef = 89DDCEA5286D383F003CC021 /* DetailViewController.swift */; };
		89DDCEA8286D3D0E003CC021 /* MPTransitionAnimation.swift in Sources */ = {isa = PBXBuildFile; fileRef = 89DDCEA7286D3D0E003CC021 /* MPTransitionAnimation.swift */; };
		89E9F71D28769666009E9E0D /* AodListCell.swift in Sources */ = {isa = PBXBuildFile; fileRef = 89E9F71C28769666009E9E0D /* AodListCell.swift */; };
		C5ABBA2D2866F60F00805113 /* AppDelegate.swift in Sources */ = {isa = PBXBuildFile; fileRef = C5ABBA2C2866F60F00805113 /* AppDelegate.swift */; };
		C5ABBA2F2866F60F00805113 /* SceneDelegate.swift in Sources */ = {isa = PBXBuildFile; fileRef = C5ABBA2E2866F60F00805113 /* SceneDelegate.swift */; };
		C5ABBA312866F60F00805113 /* ViewController.swift in Sources */ = {isa = PBXBuildFile; fileRef = C5ABBA302866F60F00805113 /* ViewController.swift */; };
		C5ABBA342866F60F00805113 /* Main.storyboard in Resources */ = {isa = PBXBuildFile; fileRef = C5ABBA322866F60F00805113 /* Main.storyboard */; };
		C5ABBA362866F61100805113 /* Assets.xcassets in Resources */ = {isa = PBXBuildFile; fileRef = C5ABBA352866F61100805113 /* Assets.xcassets */; };
		C5ABBA392866F61100805113 /* LaunchScreen.storyboard in Resources */ = {isa = PBXBuildFile; fileRef = C5ABBA372866F61100805113 /* LaunchScreen.storyboard */; };
/* End PBXBuildFile section */

/* Begin PBXFileReference section */
		0691C2903003673C180FF67D /* Pods_MiniAudioPlayer.framework */ = {isa = PBXFileReference; explicitFileType = wrapper.framework; includeInIndex = 0; path = Pods_MiniAudioPlayer.framework; sourceTree = BUILT_PRODUCTS_DIR; };
		688D5F16959DAC52CD13A798 /* Pods-MiniAudioPlayer.debug.xcconfig */ = {isa = PBXFileReference; includeInIndex = 1; lastKnownFileType = text.xcconfig; name = "Pods-MiniAudioPlayer.debug.xcconfig"; path = "Target Support Files/Pods-MiniAudioPlayer/Pods-MiniAudioPlayer.debug.xcconfig"; sourceTree = "<group>"; };
		892364EB287424E800A94B58 /* EmptySegue.swift */ = {isa = PBXFileReference; fileEncoding = 4; lastKnownFileType = sourcecode.swift; path = EmptySegue.swift; sourceTree = "<group>"; };
		892364EE2874382D00A94B58 /* NotoSansKR-Light.otf */ = {isa = PBXFileReference; lastKnownFileType = file; path = "NotoSansKR-Light.otf"; sourceTree = "<group>"; };
		892364EF2874382E00A94B58 /* NotoSansKR-Medium.otf */ = {isa = PBXFileReference; lastKnownFileType = file; path = "NotoSansKR-Medium.otf"; sourceTree = "<group>"; };
		892364F02874382E00A94B58 /* OFL.txt */ = {isa = PBXFileReference; fileEncoding = 4; lastKnownFileType = text; path = OFL.txt; sourceTree = "<group>"; };
		892364F12874382E00A94B58 /* NotoSansKR-Bold.otf */ = {isa = PBXFileReference; lastKnownFileType = file; path = "NotoSansKR-Bold.otf"; sourceTree = "<group>"; };
		892364F22874382E00A94B58 /* NotoSansKR-Thin.otf */ = {isa = PBXFileReference; lastKnownFileType = file; path = "NotoSansKR-Thin.otf"; sourceTree = "<group>"; };
		892364F32874382F00A94B58 /* NotoSansKR-Regular.otf */ = {isa = PBXFileReference; lastKnownFileType = file; path = "NotoSansKR-Regular.otf"; sourceTree = "<group>"; };
		892364F42874382F00A94B58 /* NotoSansKR-Black.otf */ = {isa = PBXFileReference; lastKnownFileType = file; path = "NotoSansKR-Black.otf"; sourceTree = "<group>"; };
		89947C14287502C900D57E9D /* Extension.swift */ = {isa = PBXFileReference; lastKnownFileType = sourcecode.swift; path = Extension.swift; sourceTree = "<group>"; };
		89947C2A287568C700D57E9D /* AodListViewController.swift */ = {isa = PBXFileReference; lastKnownFileType = sourcecode.swift; path = AodListViewController.swift; sourceTree = "<group>"; };
		89C6D3262873F9CC00EACE44 /* AodDetailViewController.swift */ = {isa = PBXFileReference; lastKnownFileType = sourcecode.swift; path = AodDetailViewController.swift; sourceTree = "<group>"; };
		89DDCEA5286D383F003CC021 /* DetailViewController.swift */ = {isa = PBXFileReference; lastKnownFileType = sourcecode.swift; path = DetailViewController.swift; sourceTree = "<group>"; };
		89DDCEA7286D3D0E003CC021 /* MPTransitionAnimation.swift */ = {isa = PBXFileReference; lastKnownFileType = sourcecode.swift; path = MPTransitionAnimation.swift; sourceTree = "<group>"; };
		89E9F71C28769666009E9E0D /* AodListCell.swift */ = {isa = PBXFileReference; lastKnownFileType = sourcecode.swift; path = AodListCell.swift; sourceTree = "<group>"; };
		C5ABBA292866F60F00805113 /* MiniAudioPlayer.app */ = {isa = PBXFileReference; explicitFileType = wrapper.application; includeInIndex = 0; path = MiniAudioPlayer.app; sourceTree = BUILT_PRODUCTS_DIR; };
		C5ABBA2C2866F60F00805113 /* AppDelegate.swift */ = {isa = PBXFileReference; lastKnownFileType = sourcecode.swift; path = AppDelegate.swift; sourceTree = "<group>"; };
		C5ABBA2E2866F60F00805113 /* SceneDelegate.swift */ = {isa = PBXFileReference; lastKnownFileType = sourcecode.swift; path = SceneDelegate.swift; sourceTree = "<group>"; };
		C5ABBA302866F60F00805113 /* ViewController.swift */ = {isa = PBXFileReference; lastKnownFileType = sourcecode.swift; path = ViewController.swift; sourceTree = "<group>"; };
		C5ABBA332866F60F00805113 /* Base */ = {isa = PBXFileReference; lastKnownFileType = file.storyboard; name = Base; path = Base.lproj/Main.storyboard; sourceTree = "<group>"; };
		C5ABBA352866F61100805113 /* Assets.xcassets */ = {isa = PBXFileReference; lastKnownFileType = folder.assetcatalog; path = Assets.xcassets; sourceTree = "<group>"; };
		C5ABBA382866F61100805113 /* Base */ = {isa = PBXFileReference; lastKnownFileType = file.storyboard; name = Base; path = Base.lproj/LaunchScreen.storyboard; sourceTree = "<group>"; };
		C5ABBA3A2866F61100805113 /* Info.plist */ = {isa = PBXFileReference; lastKnownFileType = text.plist.xml; path = Info.plist; sourceTree = "<group>"; };
		D415389973BB73B799D4BCAA /* Pods-MiniAudioPlayer.release.xcconfig */ = {isa = PBXFileReference; includeInIndex = 1; lastKnownFileType = text.xcconfig; name = "Pods-MiniAudioPlayer.release.xcconfig"; path = "Target Support Files/Pods-MiniAudioPlayer/Pods-MiniAudioPlayer.release.xcconfig"; sourceTree = "<group>"; };
/* End PBXFileReference section */

/* Begin PBXFrameworksBuildPhase section */
		C5ABBA262866F60F00805113 /* Frameworks */ = {
			isa = PBXFrameworksBuildPhase;
			buildActionMask = 2147483647;
			files = (
				0B1EC5F6FC5B4BA26372C8BF /* Pods_MiniAudioPlayer.framework in Frameworks */,
			);
			runOnlyForDeploymentPostprocessing = 0;
		};
/* End PBXFrameworksBuildPhase section */

/* Begin PBXGroup section */
		892364ED287437F200A94B58 /* Font */ = {
			isa = PBXGroup;
			children = (
				892364F42874382F00A94B58 /* NotoSansKR-Black.otf */,
				892364F12874382E00A94B58 /* NotoSansKR-Bold.otf */,
				892364EE2874382D00A94B58 /* NotoSansKR-Light.otf */,
				892364EF2874382E00A94B58 /* NotoSansKR-Medium.otf */,
				892364F32874382F00A94B58 /* NotoSansKR-Regular.otf */,
				892364F22874382E00A94B58 /* NotoSansKR-Thin.otf */,
				892364F02874382E00A94B58 /* OFL.txt */,
			);
			path = Font;
			sourceTree = "<group>";
		};
		89947C162875179E00D57E9D /* MiniAod */ = {
			isa = PBXGroup;
			children = (
				89DDCEA5286D383F003CC021 /* DetailViewController.swift */,
				89C6D3262873F9CC00EACE44 /* AodDetailViewController.swift */,
				89947C2A287568C700D57E9D /* AodListViewController.swift */,
				89E9F71C28769666009E9E0D /* AodListCell.swift */,
			);
			path = MiniAod;
			sourceTree = "<group>";
		};
		BCA72392DC7002E9267C5829 /* Frameworks */ = {
			isa = PBXGroup;
			children = (
				0691C2903003673C180FF67D /* Pods_MiniAudioPlayer.framework */,
			);
			name = Frameworks;
			sourceTree = "<group>";
		};
		C5ABBA202866F60F00805113 = {
			isa = PBXGroup;
			children = (
				892364ED287437F200A94B58 /* Font */,
				C5ABBA2B2866F60F00805113 /* MiniAudioPlayer */,
				C5ABBA2A2866F60F00805113 /* Products */,
				D6C4E56FF4A5F7E8289D5A86 /* Pods */,
				BCA72392DC7002E9267C5829 /* Frameworks */,
			);
			sourceTree = "<group>";
		};
		C5ABBA2A2866F60F00805113 /* Products */ = {
			isa = PBXGroup;
			children = (
				C5ABBA292866F60F00805113 /* MiniAudioPlayer.app */,
			);
			name = Products;
			sourceTree = "<group>";
		};
		C5ABBA2B2866F60F00805113 /* MiniAudioPlayer */ = {
			isa = PBXGroup;
			children = (
				89947C162875179E00D57E9D /* MiniAod */,
				892364EB287424E800A94B58 /* EmptySegue.swift */,
				C5ABBA2C2866F60F00805113 /* AppDelegate.swift */,
				C5ABBA2E2866F60F00805113 /* SceneDelegate.swift */,
				C5ABBA302866F60F00805113 /* ViewController.swift */,
				C5ABBA322866F60F00805113 /* Main.storyboard */,
				C5ABBA352866F61100805113 /* Assets.xcassets */,
				C5ABBA372866F61100805113 /* LaunchScreen.storyboard */,
				C5ABBA3A2866F61100805113 /* Info.plist */,
				89DDCEA7286D3D0E003CC021 /* MPTransitionAnimation.swift */,
				89947C14287502C900D57E9D /* Extension.swift */,
			);
			path = MiniAudioPlayer;
			sourceTree = "<group>";
		};
		D6C4E56FF4A5F7E8289D5A86 /* Pods */ = {
			isa = PBXGroup;
			children = (
				688D5F16959DAC52CD13A798 /* Pods-MiniAudioPlayer.debug.xcconfig */,
				D415389973BB73B799D4BCAA /* Pods-MiniAudioPlayer.release.xcconfig */,
			);
			path = Pods;
			sourceTree = "<group>";
		};
/* End PBXGroup section */

/* Begin PBXNativeTarget section */
		C5ABBA282866F60F00805113 /* MiniAudioPlayer */ = {
			isa = PBXNativeTarget;
			buildConfigurationList = C5ABBA3D2866F61100805113 /* Build configuration list for PBXNativeTarget "MiniAudioPlayer" */;
			buildPhases = (
				CD46496FAB1F42DCB66E552E /* [CP] Check Pods Manifest.lock */,
				C5ABBA252866F60F00805113 /* Sources */,
				C5ABBA262866F60F00805113 /* Frameworks */,
				C5ABBA272866F60F00805113 /* Resources */,
				37287A4027A0D412CEC27DF4 /* [CP] Embed Pods Frameworks */,
			);
			buildRules = (
			);
			dependencies = (
			);
			name = MiniAudioPlayer;
			productName = MiniAudioPlayer;
			productReference = C5ABBA292866F60F00805113 /* MiniAudioPlayer.app */;
			productType = "com.apple.product-type.application";
		};
/* End PBXNativeTarget section */

/* Begin PBXProject section */
		C5ABBA212866F60F00805113 /* Project object */ = {
			isa = PBXProject;
			attributes = {
				BuildIndependentTargetsInParallel = 1;
				LastSwiftUpdateCheck = 1320;
				LastUpgradeCheck = 1320;
				TargetAttributes = {
					C5ABBA282866F60F00805113 = {
						CreatedOnToolsVersion = 13.2.1;
					};
				};
			};
			buildConfigurationList = C5ABBA242866F60F00805113 /* Build configuration list for PBXProject "MiniAudioPlayer" */;
			compatibilityVersion = "Xcode 13.0";
			developmentRegion = en;
			hasScannedForEncodings = 0;
			knownRegions = (
				en,
				Base,
			);
			mainGroup = C5ABBA202866F60F00805113;
			productRefGroup = C5ABBA2A2866F60F00805113 /* Products */;
			projectDirPath = "";
			projectRoot = "";
			targets = (
				C5ABBA282866F60F00805113 /* MiniAudioPlayer */,
			);
		};
/* End PBXProject section */

/* Begin PBXResourcesBuildPhase section */
		C5ABBA272866F60F00805113 /* Resources */ = {
			isa = PBXResourcesBuildPhase;
			buildActionMask = 2147483647;
			files = (
				892364F72874382F00A94B58 /* OFL.txt in Resources */,
				892364FA2874382F00A94B58 /* NotoSansKR-Regular.otf in Resources */,
				892364F82874382F00A94B58 /* NotoSansKR-Bold.otf in Resources */,
				892364FB2874382F00A94B58 /* NotoSansKR-Black.otf in Resources */,
				C5ABBA392866F61100805113 /* LaunchScreen.storyboard in Resources */,
				C5ABBA362866F61100805113 /* Assets.xcassets in Resources */,
				892364F92874382F00A94B58 /* NotoSansKR-Thin.otf in Resources */,
				892364F62874382F00A94B58 /* NotoSansKR-Medium.otf in Resources */,
				892364F52874382F00A94B58 /* NotoSansKR-Light.otf in Resources */,
				C5ABBA342866F60F00805113 /* Main.storyboard in Resources */,
			);
			runOnlyForDeploymentPostprocessing = 0;
		};
/* End PBXResourcesBuildPhase section */

/* Begin PBXShellScriptBuildPhase section */
		37287A4027A0D412CEC27DF4 /* [CP] Embed Pods Frameworks */ = {
			isa = PBXShellScriptBuildPhase;
			buildActionMask = 2147483647;
			files = (
			);
			inputFileListPaths = (
				"${PODS_ROOT}/Target Support Files/Pods-MiniAudioPlayer/Pods-MiniAudioPlayer-frameworks-${CONFIGURATION}-input-files.xcfilelist",
			);
			name = "[CP] Embed Pods Frameworks";
			outputFileListPaths = (
				"${PODS_ROOT}/Target Support Files/Pods-MiniAudioPlayer/Pods-MiniAudioPlayer-frameworks-${CONFIGURATION}-output-files.xcfilelist",
			);
			runOnlyForDeploymentPostprocessing = 0;
			shellPath = /bin/sh;
			shellScript = "\"${PODS_ROOT}/Target Support Files/Pods-MiniAudioPlayer/Pods-MiniAudioPlayer-frameworks.sh\"\n";
			showEnvVarsInLog = 0;
		};
		CD46496FAB1F42DCB66E552E /* [CP] Check Pods Manifest.lock */ = {
			isa = PBXShellScriptBuildPhase;
			buildActionMask = 2147483647;
			files = (
			);
			inputFileListPaths = (
			);
			inputPaths = (
				"${PODS_PODFILE_DIR_PATH}/Podfile.lock",
				"${PODS_ROOT}/Manifest.lock",
			);
			name = "[CP] Check Pods Manifest.lock";
			outputFileListPaths = (
			);
			outputPaths = (
				"$(DERIVED_FILE_DIR)/Pods-MiniAudioPlayer-checkManifestLockResult.txt",
			);
			runOnlyForDeploymentPostprocessing = 0;
			shellPath = /bin/sh;
			shellScript = "diff \"${PODS_PODFILE_DIR_PATH}/Podfile.lock\" \"${PODS_ROOT}/Manifest.lock\" > /dev/null\nif [ $? != 0 ] ; then\n    # print error to STDERR\n    echo \"error: The sandbox is not in sync with the Podfile.lock. Run 'pod install' or update your CocoaPods installation.\" >&2\n    exit 1\nfi\n# This output is used by Xcode 'outputs' to avoid re-running this script phase.\necho \"SUCCESS\" > \"${SCRIPT_OUTPUT_FILE_0}\"\n";
			showEnvVarsInLog = 0;
		};
/* End PBXShellScriptBuildPhase section */

/* Begin PBXSourcesBuildPhase section */
		C5ABBA252866F60F00805113 /* Sources */ = {
			isa = PBXSourcesBuildPhase;
			buildActionMask = 2147483647;
			files = (
				89DDCEA8286D3D0E003CC021 /* MPTransitionAnimation.swift in Sources */,
				C5ABBA312866F60F00805113 /* ViewController.swift in Sources */,
				C5ABBA2D2866F60F00805113 /* AppDelegate.swift in Sources */,
				892364EC287424E800A94B58 /* EmptySegue.swift in Sources */,
				C5ABBA2F2866F60F00805113 /* SceneDelegate.swift in Sources */,
				89C6D3272873F9CC00EACE44 /* AodDetailViewController.swift in Sources */,
				89DDCEA6286D383F003CC021 /* DetailViewController.swift in Sources */,
				89947C2B287568C700D57E9D /* AodListViewController.swift in Sources */,
				89E9F71D28769666009E9E0D /* AodListCell.swift in Sources */,
				89947C15287502C900D57E9D /* Extension.swift in Sources */,
			);
			runOnlyForDeploymentPostprocessing = 0;
		};
/* End PBXSourcesBuildPhase section */

/* Begin PBXVariantGroup section */
		C5ABBA322866F60F00805113 /* Main.storyboard */ = {
			isa = PBXVariantGroup;
			children = (
				C5ABBA332866F60F00805113 /* Base */,
			);
			name = Main.storyboard;
			sourceTree = "<group>";
		};
		C5ABBA372866F61100805113 /* LaunchScreen.storyboard */ = {
			isa = PBXVariantGroup;
			children = (
				C5ABBA382866F61100805113 /* Base */,
			);
			name = LaunchScreen.storyboard;
			sourceTree = "<group>";
		};
/* End PBXVariantGroup section */

/* Begin XCBuildConfiguration section */
		C5ABBA3B2866F61100805113 /* Debug */ = {
			isa = XCBuildConfiguration;
			buildSettings = {
				ALWAYS_SEARCH_USER_PATHS = NO;
				CLANG_ANALYZER_NONNULL = YES;
				CLANG_ANALYZER_NUMBER_OBJECT_CONVERSION = YES_AGGRESSIVE;
				CLANG_CXX_LANGUAGE_STANDARD = "gnu++17";
				CLANG_CXX_LIBRARY = "libc++";
				CLANG_ENABLE_MODULES = YES;
				CLANG_ENABLE_OBJC_ARC = YES;
				CLANG_ENABLE_OBJC_WEAK = YES;
				CLANG_WARN_BLOCK_CAPTURE_AUTORELEASING = YES;
				CLANG_WARN_BOOL_CONVERSION = YES;
				CLANG_WARN_COMMA = YES;
				CLANG_WARN_CONSTANT_CONVERSION = YES;
				CLANG_WARN_DEPRECATED_OBJC_IMPLEMENTATIONS = YES;
				CLANG_WARN_DIRECT_OBJC_ISA_USAGE = YES_ERROR;
				CLANG_WARN_DOCUMENTATION_COMMENTS = YES;
				CLANG_WARN_EMPTY_BODY = YES;
				CLANG_WARN_ENUM_CONVERSION = YES;
				CLANG_WARN_INFINITE_RECURSION = YES;
				CLANG_WARN_INT_CONVERSION = YES;
				CLANG_WARN_NON_LITERAL_NULL_CONVERSION = YES;
				CLANG_WARN_OBJC_IMPLICIT_RETAIN_SELF = YES;
				CLANG_WARN_OBJC_LITERAL_CONVERSION = YES;
				CLANG_WARN_OBJC_ROOT_CLASS = YES_ERROR;
				CLANG_WARN_QUOTED_INCLUDE_IN_FRAMEWORK_HEADER = YES;
				CLANG_WARN_RANGE_LOOP_ANALYSIS = YES;
				CLANG_WARN_STRICT_PROTOTYPES = YES;
				CLANG_WARN_SUSPICIOUS_MOVE = YES;
				CLANG_WARN_UNGUARDED_AVAILABILITY = YES_AGGRESSIVE;
				CLANG_WARN_UNREACHABLE_CODE = YES;
				CLANG_WARN__DUPLICATE_METHOD_MATCH = YES;
				COPY_PHASE_STRIP = NO;
				DEBUG_INFORMATION_FORMAT = dwarf;
				ENABLE_STRICT_OBJC_MSGSEND = YES;
				ENABLE_TESTABILITY = YES;
				GCC_C_LANGUAGE_STANDARD = gnu11;
				GCC_DYNAMIC_NO_PIC = NO;
				GCC_NO_COMMON_BLOCKS = YES;
				GCC_OPTIMIZATION_LEVEL = 0;
				GCC_PREPROCESSOR_DEFINITIONS = (
					"DEBUG=1",
					"$(inherited)",
				);
				GCC_WARN_64_TO_32_BIT_CONVERSION = YES;
				GCC_WARN_ABOUT_RETURN_TYPE = YES_ERROR;
				GCC_WARN_UNDECLARED_SELECTOR = YES;
				GCC_WARN_UNINITIALIZED_AUTOS = YES_AGGRESSIVE;
				GCC_WARN_UNUSED_FUNCTION = YES;
				GCC_WARN_UNUSED_VARIABLE = YES;
				IPHONEOS_DEPLOYMENT_TARGET = 15.2;
				MTL_ENABLE_DEBUG_INFO = INCLUDE_SOURCE;
				MTL_FAST_MATH = YES;
				ONLY_ACTIVE_ARCH = YES;
				SDKROOT = iphoneos;
				SWIFT_ACTIVE_COMPILATION_CONDITIONS = DEBUG;
				SWIFT_OPTIMIZATION_LEVEL = "-Onone";
			};
			name = Debug;
		};
		C5ABBA3C2866F61100805113 /* Release */ = {
			isa = XCBuildConfiguration;
			buildSettings = {
				ALWAYS_SEARCH_USER_PATHS = NO;
				CLANG_ANALYZER_NONNULL = YES;
				CLANG_ANALYZER_NUMBER_OBJECT_CONVERSION = YES_AGGRESSIVE;
				CLANG_CXX_LANGUAGE_STANDARD = "gnu++17";
				CLANG_CXX_LIBRARY = "libc++";
				CLANG_ENABLE_MODULES = YES;
				CLANG_ENABLE_OBJC_ARC = YES;
				CLANG_ENABLE_OBJC_WEAK = YES;
				CLANG_WARN_BLOCK_CAPTURE_AUTORELEASING = YES;
				CLANG_WARN_BOOL_CONVERSION = YES;
				CLANG_WARN_COMMA = YES;
				CLANG_WARN_CONSTANT_CONVERSION = YES;
				CLANG_WARN_DEPRECATED_OBJC_IMPLEMENTATIONS = YES;
				CLANG_WARN_DIRECT_OBJC_ISA_USAGE = YES_ERROR;
				CLANG_WARN_DOCUMENTATION_COMMENTS = YES;
				CLANG_WARN_EMPTY_BODY = YES;
				CLANG_WARN_ENUM_CONVERSION = YES;
				CLANG_WARN_INFINITE_RECURSION = YES;
				CLANG_WARN_INT_CONVERSION = YES;
				CLANG_WARN_NON_LITERAL_NULL_CONVERSION = YES;
				CLANG_WARN_OBJC_IMPLICIT_RETAIN_SELF = YES;
				CLANG_WARN_OBJC_LITERAL_CONVERSION = YES;
				CLANG_WARN_OBJC_ROOT_CLASS = YES_ERROR;
				CLANG_WARN_QUOTED_INCLUDE_IN_FRAMEWORK_HEADER = YES;
				CLANG_WARN_RANGE_LOOP_ANALYSIS = YES;
				CLANG_WARN_STRICT_PROTOTYPES = YES;
				CLANG_WARN_SUSPICIOUS_MOVE = YES;
				CLANG_WARN_UNGUARDED_AVAILABILITY = YES_AGGRESSIVE;
				CLANG_WARN_UNREACHABLE_CODE = YES;
				CLANG_WARN__DUPLICATE_METHOD_MATCH = YES;
				COPY_PHASE_STRIP = NO;
				DEBUG_INFORMATION_FORMAT = "dwarf-with-dsym";
				ENABLE_NS_ASSERTIONS = NO;
				ENABLE_STRICT_OBJC_MSGSEND = YES;
				GCC_C_LANGUAGE_STANDARD = gnu11;
				GCC_NO_COMMON_BLOCKS = YES;
				GCC_WARN_64_TO_32_BIT_CONVERSION = YES;
				GCC_WARN_ABOUT_RETURN_TYPE = YES_ERROR;
				GCC_WARN_UNDECLARED_SELECTOR = YES;
				GCC_WARN_UNINITIALIZED_AUTOS = YES_AGGRESSIVE;
				GCC_WARN_UNUSED_FUNCTION = YES;
				GCC_WARN_UNUSED_VARIABLE = YES;
				IPHONEOS_DEPLOYMENT_TARGET = 15.2;
				MTL_ENABLE_DEBUG_INFO = NO;
				MTL_FAST_MATH = YES;
				SDKROOT = iphoneos;
				SWIFT_COMPILATION_MODE = wholemodule;
				SWIFT_OPTIMIZATION_LEVEL = "-O";
				VALIDATE_PRODUCT = YES;
			};
			name = Release;
		};
		C5ABBA3E2866F61100805113 /* Debug */ = {
			isa = XCBuildConfiguration;
			baseConfigurationReference = 688D5F16959DAC52CD13A798 /* Pods-MiniAudioPlayer.debug.xcconfig */;
			buildSettings = {
				ASSETCATALOG_COMPILER_APPICON_NAME = AppIcon;
				ASSETCATALOG_COMPILER_GLOBAL_ACCENT_COLOR_NAME = AccentColor;
				CODE_SIGN_STYLE = Automatic;
				CURRENT_PROJECT_VERSION = 1;
				DEVELOPMENT_TEAM = S6UTDHJXSY;
				GENERATE_INFOPLIST_FILE = YES;
				INFOPLIST_FILE = MiniAudioPlayer/Info.plist;
				INFOPLIST_KEY_UIApplicationSupportsIndirectInputEvents = YES;
				INFOPLIST_KEY_UILaunchStoryboardName = LaunchScreen;
				INFOPLIST_KEY_UIMainStoryboardFile = Main;
				INFOPLIST_KEY_UISupportedInterfaceOrientations_iPad = "UIInterfaceOrientationPortrait UIInterfaceOrientationPortraitUpsideDown UIInterfaceOrientationLandscapeLeft UIInterfaceOrientationLandscapeRight";
				INFOPLIST_KEY_UISupportedInterfaceOrientations_iPhone = "UIInterfaceOrientationPortrait UIInterfaceOrientationLandscapeLeft UIInterfaceOrientationLandscapeRight";
				IPHONEOS_DEPLOYMENT_TARGET = 10.0;
				LD_RUNPATH_SEARCH_PATHS = (
					"$(inherited)",
					"@executable_path/Frameworks",
				);
				MARKETING_VERSION = 1.0;
				PRODUCT_BUNDLE_IDENTIFIER = com.MiniAudioPlayer;
				PRODUCT_NAME = "$(TARGET_NAME)";
				SWIFT_EMIT_LOC_STRINGS = YES;
				SWIFT_VERSION = 5.0;
				TARGETED_DEVICE_FAMILY = "1,2";
			};
			name = Debug;
		};
		C5ABBA3F2866F61100805113 /* Release */ = {
			isa = XCBuildConfiguration;
			baseConfigurationReference = D415389973BB73B799D4BCAA /* Pods-MiniAudioPlayer.release.xcconfig */;
			buildSettings = {
				ASSETCATALOG_COMPILER_APPICON_NAME = AppIcon;
				ASSETCATALOG_COMPILER_GLOBAL_ACCENT_COLOR_NAME = AccentColor;
				CODE_SIGN_STYLE = Automatic;
				CURRENT_PROJECT_VERSION = 1;
				DEVELOPMENT_TEAM = S6UTDHJXSY;
				GENERATE_INFOPLIST_FILE = YES;
				INFOPLIST_FILE = MiniAudioPlayer/Info.plist;
				INFOPLIST_KEY_UIApplicationSupportsIndirectInputEvents = YES;
				INFOPLIST_KEY_UILaunchStoryboardName = LaunchScreen;
				INFOPLIST_KEY_UIMainStoryboardFile = Main;
				INFOPLIST_KEY_UISupportedInterfaceOrientations_iPad = "UIInterfaceOrientationPortrait UIInterfaceOrientationPortraitUpsideDown UIInterfaceOrientationLandscapeLeft UIInterfaceOrientationLandscapeRight";
				INFOPLIST_KEY_UISupportedInterfaceOrientations_iPhone = "UIInterfaceOrientationPortrait UIInterfaceOrientationLandscapeLeft UIInterfaceOrientationLandscapeRight";
				IPHONEOS_DEPLOYMENT_TARGET = 10.0;
				LD_RUNPATH_SEARCH_PATHS = (
					"$(inherited)",
					"@executable_path/Frameworks",
				);
				MARKETING_VERSION = 1.0;
				PRODUCT_BUNDLE_IDENTIFIER = com.MiniAudioPlayer;
				PRODUCT_NAME = "$(TARGET_NAME)";
				SWIFT_EMIT_LOC_STRINGS = YES;
				SWIFT_VERSION = 5.0;
				TARGETED_DEVICE_FAMILY = "1,2";
			};
			name = Release;
		};
/* End XCBuildConfiguration section */

/* Begin XCConfigurationList section */
		C5ABBA242866F60F00805113 /* Build configuration list for PBXProject "MiniAudioPlayer" */ = {
			isa = XCConfigurationList;
			buildConfigurations = (
				C5ABBA3B2866F61100805113 /* Debug */,
				C5ABBA3C2866F61100805113 /* Release */,
			);
			defaultConfigurationIsVisible = 0;
			defaultConfigurationName = Release;
		};
		C5ABBA3D2866F61100805113 /* Build configuration list for PBXNativeTarget "MiniAudioPlayer" */ = {
			isa = XCConfigurationList;
			buildConfigurations = (
				C5ABBA3E2866F61100805113 /* Debug */,
				C5ABBA3F2866F61100805113 /* Release */,
			);
			defaultConfigurationIsVisible = 0;
			defaultConfigurationName = Release;
		};
/* End XCConfigurationList section */
	};
	rootObject = C5ABBA212866F60F00805113 /* Project object */;
}
